// !$*UTF8*$!
{
	archiveVersion = 1;
	classes = {
	};
	objectVersion = 50;
	objects = {

/* Begin PBXBuildFile section */
		DD3B6FE3214CFA8C00A698AE /* main.cpp in Sources */ = {isa = PBXBuildFile; fileRef = DD3B6FE2214CFA8C00A698AE /* main.cpp */; };
		DD3B6FEC214CFBF600A698AE /* BaseTree.cpp in Sources */ = {isa = PBXBuildFile; fileRef = DD3B6FEA214CFBF600A698AE /* BaseTree.cpp */; };
		DD3B6FF2214DDFDB00A698AE /* basetreetest.cpp in Sources */ = {isa = PBXBuildFile; fileRef = DD3B6FF0214DDFDB00A698AE /* basetreetest.cpp */; };
/* End PBXBuildFile section */

/* Begin PBXCopyFilesBuildPhase section */
		DD3B6FDD214CFA8C00A698AE /* CopyFiles */ = {
			isa = PBXCopyFilesBuildPhase;
			buildActionMask = 2147483647;
			dstPath = /usr/share/man/man1/;
			dstSubfolderSpec = 0;
			files = (
			);
			runOnlyForDeploymentPostprocessing = 1;
		};
/* End PBXCopyFilesBuildPhase section */

/* Begin PBXFileReference section */
		DD3B6FDF214CFA8C00A698AE /* hello_tree */ = {isa = PBXFileReference; explicitFileType = "compiled.mach-o.executable"; includeInIndex = 0; path = hello_tree; sourceTree = BUILT_PRODUCTS_DIR; };
		DD3B6FE2214CFA8C00A698AE /* main.cpp */ = {isa = PBXFileReference; lastKnownFileType = sourcecode.cpp.cpp; path = main.cpp; sourceTree = "<group>"; };
		DD3B6FEA214CFBF600A698AE /* BaseTree.cpp */ = {isa = PBXFileReference; lastKnownFileType = sourcecode.cpp.cpp; path = BaseTree.cpp; sourceTree = "<group>"; };
		DD3B6FEB214CFBF600A698AE /* BaseTree.hpp */ = {isa = PBXFileReference; lastKnownFileType = sourcecode.cpp.h; path = BaseTree.hpp; sourceTree = "<group>"; };
		DD3B6FF0214DDFDB00A698AE /* basetreetest.cpp */ = {isa = PBXFileReference; lastKnownFileType = sourcecode.cpp.cpp; path = basetreetest.cpp; sourceTree = "<group>"; };
		DD3B6FF1214DDFDB00A698AE /* basetreetest.hpp */ = {isa = PBXFileReference; lastKnownFileType = sourcecode.cpp.h; path = basetreetest.hpp; sourceTree = "<group>"; };
/* End PBXFileReference section */

/* Begin PBXFrameworksBuildPhase section */
		DD3B6FDC214CFA8C00A698AE /* Frameworks */ = {
			isa = PBXFrameworksBuildPhase;
			buildActionMask = 2147483647;
			files = (
			);
			runOnlyForDeploymentPostprocessing = 0;
		};
/* End PBXFrameworksBuildPhase section */

/* Begin PBXGroup section */
		DD3B6FD6214CFA8C00A698AE = {
			isa = PBXGroup;
			children = (
				DD3B6FE1214CFA8C00A698AE /* hello_tree */,
				DD3B6FE0214CFA8C00A698AE /* Products */,
			);
			sourceTree = "<group>";
		};
		DD3B6FE0214CFA8C00A698AE /* Products */ = {
			isa = PBXGroup;
			children = (
				DD3B6FDF214CFA8C00A698AE /* hello_tree */,
			);
			name = Products;
			sourceTree = "<group>";
		};
		DD3B6FE1214CFA8C00A698AE /* hello_tree */ = {
			isa = PBXGroup;
			children = (
				DD3B6FEF214DDFAF00A698AE /* basetreetest */,
				DD3B6FEE214DDF6600A698AE /* basetreesources */,
				DD3B6FED214DDF3E00A698AE /* basetreeheaders */,
				DD3B6FE2214CFA8C00A698AE /* main.cpp */,
			);
			path = hello_tree;
			sourceTree = "<group>";
		};
		DD3B6FED214DDF3E00A698AE /* basetreeheaders */ = {
			isa = PBXGroup;
			children = (
				DD3B6FEB214CFBF600A698AE /* BaseTree.hpp */,
			);
			name = basetreeheaders;
			sourceTree = "<group>";
		};
		DD3B6FEE214DDF6600A698AE /* basetreesources */ = {
			isa = PBXGroup;
			children = (
				DD3B6FEA214CFBF600A698AE /* BaseTree.cpp */,
			);
			path = basetreesources;
			sourceTree = "<group>";
		};
		DD3B6FEF214DDFAF00A698AE /* basetreetest */ = {
			isa = PBXGroup;
			children = (
				DD3B6FF0214DDFDB00A698AE /* basetreetest.cpp */,
				DD3B6FF1214DDFDB00A698AE /* basetreetest.hpp */,
			);
			name = basetreetest;
			sourceTree = "<group>";
		};
/* End PBXGroup section */

/* Begin PBXNativeTarget section */
		DD3B6FDE214CFA8C00A698AE /* hello_tree */ = {
			isa = PBXNativeTarget;
			buildConfigurationList = DD3B6FE6214CFA8C00A698AE /* Build configuration list for PBXNativeTarget "hello_tree" */;
			buildPhases = (
				DD3B6FDB214CFA8C00A698AE /* Sources */,
				DD3B6FDC214CFA8C00A698AE /* Frameworks */,
				DD3B6FDD214CFA8C00A698AE /* CopyFiles */,
			);
			buildRules = (
			);
			dependencies = (
			);
			name = hello_tree;
			productName = hello_tree;
			productReference = DD3B6FDF214CFA8C00A698AE /* hello_tree */;
			productType = "com.apple.product-type.tool";
		};
/* End PBXNativeTarget section */

/* Begin PBXProject section */
		DD3B6FD7214CFA8C00A698AE /* Project object */ = {
			isa = PBXProject;
			attributes = {
				LastUpgradeCheck = 0940;
				ORGANIZATIONNAME = "陈宇";
				TargetAttributes = {
					DD3B6FDE214CFA8C00A698AE = {
						CreatedOnToolsVersion = 9.4.1;
					};
				};
			};
			buildConfigurationList = DD3B6FDA214CFA8C00A698AE /* Build configuration list for PBXProject "hello_tree" */;
			compatibilityVersion = "Xcode 9.3";
			developmentRegion = en;
			hasScannedForEncodings = 0;
			knownRegions = (
				en,
			);
			mainGroup = DD3B6FD6214CFA8C00A698AE;
			productRefGroup = DD3B6FE0214CFA8C00A698AE /* Products */;
			projectDirPath = "";
			projectRoot = "";
			targets = (
				DD3B6FDE214CFA8C00A698AE /* hello_tree */,
			);
		};
/* End PBXProject section */

/* Begin PBXSourcesBuildPhase section */
		DD3B6FDB214CFA8C00A698AE /* Sources */ = {
			isa = PBXSourcesBuildPhase;
			buildActionMask = 2147483647;
			files = (
				DD3B6FF2214DDFDB00A698AE /* basetreetest.cpp in Sources */,
				DD3B6FEC214CFBF600A698AE /* BaseTree.cpp in Sources */,
				DD3B6FE3214CFA8C00A698AE /* main.cpp in Sources */,
			);
			runOnlyForDeploymentPostprocessing = 0;
		};
/* End PBXSourcesBuildPhase section */

/* Begin XCBuildConfiguration section */
		DD3B6FE4214CFA8C00A698AE /* Debug */ = {
			isa = XCBuildConfiguration;
			buildSettings = {
				ALWAYS_SEARCH_USER_PATHS = NO;
				CLANG_ANALYZER_NONNULL = YES;
				CLANG_ANALYZER_NUMBER_OBJECT_CONVERSION = YES_AGGRESSIVE;
				CLANG_CXX_LANGUAGE_STANDARD = "gnu++14";
				CLANG_CXX_LIBRARY = "libc++";
				CLANG_ENABLE_MODULES = YES;
				CLANG_ENABLE_OBJC_ARC = YES;
				CLANG_ENABLE_OBJC_WEAK = YES;
				CLANG_WARN_BLOCK_CAPTURE_AUTORELEASING = YES;
				CLANG_WARN_BOOL_CONVERSION = YES;
				CLANG_WARN_COMMA = YES;
				CLANG_WARN_CONSTANT_CONVERSION = YES;
				CLANG_WARN_DEPRECATED_OBJC_IMPLEMENTATIONS = YES;
				CLANG_WARN_DIRECT_OBJC_ISA_USAGE = YES_ERROR;
				CLANG_WARN_DOCUMENTATION_COMMENTS = YES;
				CLANG_WARN_EMPTY_BODY = YES;
				CLANG_WARN_ENUM_CONVERSION = YES;
				CLANG_WARN_INFINITE_RECURSION = YES;
				CLANG_WARN_INT_CONVERSION = YES;
				CLANG_WARN_NON_LITERAL_NULL_CONVERSION = YES;
				CLANG_WARN_OBJC_IMPLICIT_RETAIN_SELF = YES;
				CLANG_WARN_OBJC_LITERAL_CONVERSION = YES;
				CLANG_WARN_OBJC_ROOT_CLASS = YES_ERROR;
				CLANG_WARN_RANGE_LOOP_ANALYSIS = YES;
				CLANG_WARN_STRICT_PROTOTYPES = YES;
				CLANG_WARN_SUSPICIOUS_MOVE = YES;
				CLANG_WARN_UNGUARDED_AVAILABILITY = YES_AGGRESSIVE;
				CLANG_WARN_UNREACHABLE_CODE = YES;
				CLANG_WARN__DUPLICATE_METHOD_MATCH = YES;
				CODE_SIGN_IDENTITY = "Mac Developer";
				COPY_PHASE_STRIP = NO;
				DEBUG_INFORMATION_FORMAT = dwarf;
				ENABLE_STRICT_OBJC_MSGSEND = YES;
				ENABLE_TESTABILITY = YES;
				GCC_C_LANGUAGE_STANDARD = gnu11;
				GCC_DYNAMIC_NO_PIC = NO;
				GCC_NO_COMMON_BLOCKS = YES;
				GCC_OPTIMIZATION_LEVEL = 0;
				GCC_PREPROCESSOR_DEFINITIONS = (
					"DEBUG=1",
					"$(inherited)",
				);
				GCC_WARN_64_TO_32_BIT_CONVERSION = YES;
				GCC_WARN_ABOUT_RETURN_TYPE = YES_ERROR;
				GCC_WARN_UNDECLARED_SELECTOR = YES;
				GCC_WARN_UNINITIALIZED_AUTOS = YES_AGGRESSIVE;
				GCC_WARN_UNUSED_FUNCTION = YES;
				GCC_WARN_UNUSED_VARIABLE = YES;
				MACOSX_DEPLOYMENT_TARGET = 10.13;
				MTL_ENABLE_DEBUG_INFO = YES;
				ONLY_ACTIVE_ARCH = YES;
				SDKROOT = macosx;
			};
			name = Debug;
		};
		DD3B6FE5214CFA8C00A698AE /* Release */ = {
			isa = XCBuildConfiguration;
			buildSettings = {
				ALWAYS_SEARCH_USER_PATHS = NO;
				CLANG_ANALYZER_NONNULL = YES;
				CLANG_ANALYZER_NUMBER_OBJECT_CONVERSION = YES_AGGRESSIVE;
				CLANG_CXX_LANGUAGE_STANDARD = "gnu++14";
				CLANG_CXX_LIBRARY = "libc++";
				CLANG_ENABLE_MODULES = YES;
				CLANG_ENABLE_OBJC_ARC = YES;
				CLANG_ENABLE_OBJC_WEAK = YES;
				CLANG_WARN_BLOCK_CAPTURE_AUTORELEASING = YES;
				CLANG_WARN_BOOL_CONVERSION = YES;
				CLANG_WARN_COMMA = YES;
				CLANG_WARN_CONSTANT_CONVERSION = YES;
				CLANG_WARN_DEPRECATED_OBJC_IMPLEMENTATIONS = YES;
				CLANG_WARN_DIRECT_OBJC_ISA_USAGE = YES_ERROR;
				CLANG_WARN_DOCUMENTATION_COMMENTS = YES;
				CLANG_WARN_EMPTY_BODY = YES;
				CLANG_WARN_ENUM_CONVERSION = YES;
				CLANG_WARN_INFINITE_RECURSION = YES;
				CLANG_WARN_INT_CONVERSION = YES;
				CLANG_WARN_NON_LITERAL_NULL_CONVERSION = YES;
				CLANG_WARN_OBJC_IMPLICIT_RETAIN_SELF = YES;
				CLANG_WARN_OBJC_LITERAL_CONVERSION = YES;
				CLANG_WARN_OBJC_ROOT_CLASS = YES_ERROR;
				CLANG_WARN_RANGE_LOOP_ANALYSIS = YES;
				CLANG_WARN_STRICT_PROTOTYPES = YES;
				CLANG_WARN_SUSPICIOUS_MOVE = YES;
				CLANG_WARN_UNGUARDED_AVAILABILITY = YES_AGGRESSIVE;
				CLANG_WARN_UNREACHABLE_CODE = YES;
				CLANG_WARN__DUPLICATE_METHOD_MATCH = YES;
				CODE_SIGN_IDENTITY = "Mac Developer";
				COPY_PHASE_STRIP = NO;
				DEBUG_INFORMATION_FORMAT = "dwarf-with-dsym";
				ENABLE_NS_ASSERTIONS = NO;
				ENABLE_STRICT_OBJC_MSGSEND = YES;
				GCC_C_LANGUAGE_STANDARD = gnu11;
				GCC_NO_COMMON_BLOCKS = YES;
				GCC_WARN_64_TO_32_BIT_CONVERSION = YES;
				GCC_WARN_ABOUT_RETURN_TYPE = YES_ERROR;
				GCC_WARN_UNDECLARED_SELECTOR = YES;
				GCC_WARN_UNINITIALIZED_AUTOS = YES_AGGRESSIVE;
				GCC_WARN_UNUSED_FUNCTION = YES;
				GCC_WARN_UNUSED_VARIABLE = YES;
				MACOSX_DEPLOYMENT_TARGET = 10.13;
				MTL_ENABLE_DEBUG_INFO = NO;
				SDKROOT = macosx;
			};
			name = Release;
		};
		DD3B6FE7214CFA8C00A698AE /* Debug */ = {
			isa = XCBuildConfiguration;
			buildSettings = {
				CODE_SIGN_STYLE = Automatic;
				DEVELOPMENT_TEAM = LSYN9X8X22;
				PRODUCT_NAME = "$(TARGET_NAME)";
			};
			name = Debug;
		};
		DD3B6FE8214CFA8C00A698AE /* Release */ = {
			isa = XCBuildConfiguration;
			buildSettings = {
				CODE_SIGN_STYLE = Automatic;
				DEVELOPMENT_TEAM = LSYN9X8X22;
				PRODUCT_NAME = "$(TARGET_NAME)";
			};
			name = Release;
		};
/* End XCBuildConfiguration section */

/* Begin XCConfigurationList section */
		DD3B6FDA214CFA8C00A698AE /* Build configuration list for PBXProject "hello_tree" */ = {
			isa = XCConfigurationList;
			buildConfigurations = (
				DD3B6FE4214CFA8C00A698AE /* Debug */,
				DD3B6FE5214CFA8C00A698AE /* Release */,
			);
			defaultConfigurationIsVisible = 0;
			defaultConfigurationName = Release;
		};
		DD3B6FE6214CFA8C00A698AE /* Build configuration list for PBXNativeTarget "hello_tree" */ = {
			isa = XCConfigurationList;
			buildConfigurations = (
				DD3B6FE7214CFA8C00A698AE /* Debug */,
				DD3B6FE8214CFA8C00A698AE /* Release */,
			);
			defaultConfigurationIsVisible = 0;
			defaultConfigurationName = Release;
		};
/* End XCConfigurationList section */
	};
	rootObject = DD3B6FD7214CFA8C00A698AE /* Project object */;
}
